{
    "_readme": [
        "This file locks the dependencies of your project to a known state",
        "Read more about it at https://getcomposer.org/doc/01-basic-usage.md#composer-lock-the-lock-file",
        "This file is @generated automatically"
    ],
    "content-hash": "052afd622d02d7af7241b987ec4a35ce",
    "packages": [
        {
            "name": "swoole/ide-helper",
            "version": "4.5.10",
            "source": {
                "type": "git",
                "url": "https://github.com/swoole/ide-helper.git",
                "reference": "11d77b630ec63e426326439bea0c4b0460fb3a00"
            },
            "dist": {
                "type": "zip",
                "url": "https://api.github.com/repos/swoole/ide-helper/zipball/11d77b630ec63e426326439bea0c4b0460fb3a00",
                "reference": "11d77b630ec63e426326439bea0c4b0460fb3a00",
                "shasum": ""
            },
            "require-dev": {
                "guzzlehttp/guzzle": "~6.5.0",
                "laminas/laminas-code": "~3.4.0",
                "squizlabs/php_codesniffer": "~3.5.0",
                "symfony/filesystem": "~4.0"
            },
            "type": "library",
            "notification-url": "https://packagist.org/downloads/",
            "license": [
                "Apache-2.0"
            ],
            "authors": [
                {
                    "name": "Team Swoole",
                    "email": "team@swoole.com"
                }
            ],
            "description": "IDE help files for Swoole.",
            "time": "2020-12-27T05:03:52+00:00"
        }
    ],
    "packages-dev": [],
    "aliases": [],
    "minimum-stability": "stable",
    "stability-flags": [],
    "prefer-stable": false,
    "prefer-lowest": false,
    "platform": [],
    "platform-dev": []
}
