{
    "_readme": [
        "This file locks the dependencies of your project to a known state",
        "Read more about it at https://getcomposer.org/doc/01-basic-usage.md#installing-dependencies",
        "This file is @generated automatically"
    ],
    "content-hash": "98909af59656534ef78ac17cf4650a59",
    "packages": [
        {
            "name": "swoole/ide-helper",
            "version": "4.6.1",
            "source": {
                "type": "git",
                "url": "https://github.com/swoole/ide-helper.git",
                "reference": "5b36a9722eb8c693ff9831023cfb807474eab07c"
            },
            "dist": {
                "type": "zip",
                "url": "https://api.github.com/repos/swoole/ide-helper/zipball/5b36a9722eb8c693ff9831023cfb807474eab07c",
                "reference": "5b36a9722eb8c693ff9831023cfb807474eab07c",
                "shasum": "",
                "mirrors": [
                    {
                        "url": "https://mirrors.aliyun.com/composer/dists/%package%/%reference%.%type%",
                        "preferred": true
                    }
                ]
            },
            "require-dev": {
                "guzzlehttp/guzzle": "~6.5.0",
                "laminas/laminas-code": "~3.4.0",
                "squizlabs/php_codesniffer": "~3.5.0",
                "symfony/filesystem": "~4.0"
            },
            "type": "library",
            "notification-url": "https://packagist.org/downloads/",
            "license": [
                "Apache-2.0"
            ],
            "authors": [
                {
                    "name": "Team Swoole",
                    "email": "team@swoole.com"
                }
            ],
            "description": "IDE help files for Swoole.",
            "support": {
                "issues": "https://github.com/swoole/ide-helper/issues",
                "source": "https://github.com/swoole/ide-helper/tree/4.6.1"
            },
            "time": "2021-01-11T19:15:13+00:00"
        },
        {
            "name": "xiaoler/blade",
            "version": "5.4.3",
            "source": {
                "type": "git",
                "url": "https://github.com/XiaoLer/blade.git",
                "reference": "b3a71e2e589e31956209e7f3d5ce6f9473e63a45"
            },
            "dist": {
                "type": "zip",
                "url": "https://api.github.com/repos/XiaoLer/blade/zipball/b3a71e2e589e31956209e7f3d5ce6f9473e63a45",
                "reference": "b3a71e2e589e31956209e7f3d5ce6f9473e63a45",
                "shasum": "",
                "mirrors": [
                    {
                        "url": "https://mirrors.aliyun.com/composer/dists/%package%/%reference%.%type%",
                        "preferred": true
                    }
                ]
            },
            "require": {
                "php": ">=5.4.0"
            },
            "type": "library",
            "autoload": {
                "files": [
                    "src/helpers.php"
                ],
                "psr-4": {
                    "Xiaoler\\Blade\\": "src/"
                }
            },
            "notification-url": "https://packagist.org/downloads/",
            "license": [
                "MIT"
            ],
            "authors": [
                {
                    "name": "Scholer Liu",
                    "email": "scholer_l@live.com"
                }
            ],
            "description": "an independent version of laravel view template - blade",
            "homepage": "http://0x1.im",
            "support": {
                "issues": "https://github.com/XiaoLer/blade/issues",
                "source": "https://github.com/XiaoLer/blade"
            },
            "time": "2017-08-23T01:10:07+00:00"
        }
    ],
    "packages-dev": [],
    "aliases": [],
    "minimum-stability": "stable",
    "stability-flags": [],
    "prefer-stable": false,
    "prefer-lowest": false,
    "platform": {
        "ext-swoole": ">=4.5",
        "php": ">=7.4",
        "ext-json": ">=7",
        "ext-mbstring": ">=7",
        "ext-redis": "*",
        "ext-pdo": ">=7"
    },
    "platform-dev": [],
    "plugin-api-version": "2.0.0"
}
